
Microsoft Visual Studio Solution File, Format Version 12.00
# Visual Studio Version 17
VisualStudioVersion = 17.5.33502.453
MinimumVisualStudioVersion = 10.0.40219.1
Project("{2150E333-8FDC-42A3-9474-1A3956D46DE8}") = "Solution Items", "Solution Items", "{DD9491F3-D30E-4FD8-8B18-3EB316C1044F}"
EndProject
Project("{2150E333-8FDC-42A3-9474-1A3956D46DE8}") = "src", "src", "{731E699E-62B0-413D-AB37-FAFF7BDBA602}"
EndProject
Project("{2150E333-8FDC-42A3-9474-1A3956D46DE8}") = "tests", "tests", "{9A15F314-DBA5-437C-8F42-E8C91906184B}"
EndProject
Project("{2150E333-8FDC-42A3-9474-1A3956D46DE8}") = "ApiGateways", "ApiGateways", "{74DBFDBA-4B8F-40A7-8DC4-7AFE2FF33F26}"
EndProject
Project("{2150E333-8FDC-42A3-9474-1A3956D46DE8}") = "BuildingBlocks", "BuildingBlocks", "{2D8FB126-B25D-4927-A831-69710F5AA913}"
EndProject
Project("{2150E333-8FDC-42A3-9474-1A3956D46DE8}") = "Services", "Services", "{D29D276A-9280-4A95-B094-F5DEE1DE756F}"
EndProject
Project("{2150E333-8FDC-42A3-9474-1A3956D46DE8}") = "WebApps", "WebApps", "{D15F8F70-CDF1-4B39-A125-F1D4713AC330}"
EndProject
Project("{9A19103F-16F7-4668-BE54-9A1E7A4F7556}") = "Common.Logging", "src\BuildingBlocks\Common.Logging\Common.Logging.csproj", "{5E935D43-600D-419E-AB64-CD9DCA91BC7B}"
EndProject
Project("{9A19103F-16F7-4668-BE54-9A1E7A4F7556}") = "EventBus.Messages", "src\BuildingBlocks\EventBus.Messages\EventBus.Messages.csproj", "{D2BEE9F4-49B0-4E56-84D5-3EA99883359D}"
EndProject
Project("{9A19103F-16F7-4668-BE54-9A1E7A4F7556}") = "Contracts", "src\BuildingBlocks\Contracts\Contracts.csproj", "{065A989C-27FC-4D14-A909-8B3EB208645E}"
EndProject
Project("{9A19103F-16F7-4668-BE54-9A1E7A4F7556}") = "Infrastructure", "src\BuildingBlocks\Infrastructure\Infrastructure.csproj", "{116A730D-F033-4148-9831-2F9B20936A5D}"
EndProject
Project("{9A19103F-16F7-4668-BE54-9A1E7A4F7556}") = "Shared", "src\BuildingBlocks\Shared\Shared.csproj", "{FD0441F0-FC18-4EE5-A913-0660FBF785A4}"
EndProject
Project("{9A19103F-16F7-4668-BE54-9A1E7A4F7556}") = "Ocelot", "src\ApiGateways\Ocelot\Ocelot.csproj", "{0C067DF6-ED68-414D-9469-111A92402CAB}"
EndProject
Project("{2150E333-8FDC-42A3-9474-1A3956D46DE8}") = "Saga", "Saga", "{F533A3AC-02C7-4A17-9D8B-F7B289C778E5}"
EndProject
Project("{9A19103F-16F7-4668-BE54-9A1E7A4F7556}") = "Orchestrator", "src\Saga\Orchestrator\Orchestrator.csproj", "{21F7A225-4B33-4E8E-B4CA-D22D1B0A73BA}"
EndProject
Global
	GlobalSection(SolutionConfigurationPlatforms) = preSolution
		Debug|Any CPU = Debug|Any CPU
		Release|Any CPU = Release|Any CPU
	EndGlobalSection
	GlobalSection(ProjectConfigurationPlatforms) = postSolution
		{5E935D43-600D-419E-AB64-CD9DCA91BC7B}.Debug|Any CPU.ActiveCfg = Debug|Any CPU
		{5E935D43-600D-419E-AB64-CD9DCA91BC7B}.Debug|Any CPU.Build.0 = Debug|Any CPU
		{5E935D43-600D-419E-AB64-CD9DCA91BC7B}.Release|Any CPU.ActiveCfg = Release|Any CPU
		{5E935D43-600D-419E-AB64-CD9DCA91BC7B}.Release|Any CPU.Build.0 = Release|Any CPU
		{D2BEE9F4-49B0-4E56-84D5-3EA99883359D}.Debug|Any CPU.ActiveCfg = Debug|Any CPU
		{D2BEE9F4-49B0-4E56-84D5-3EA99883359D}.Debug|Any CPU.Build.0 = Debug|Any CPU
		{D2BEE9F4-49B0-4E56-84D5-3EA99883359D}.Release|Any CPU.ActiveCfg = Release|Any CPU
		{D2BEE9F4-49B0-4E56-84D5-3EA99883359D}.Release|Any CPU.Build.0 = Release|Any CPU
		{065A989C-27FC-4D14-A909-8B3EB208645E}.Debug|Any CPU.ActiveCfg = Debug|Any CPU
		{065A989C-27FC-4D14-A909-8B3EB208645E}.Debug|Any CPU.Build.0 = Debug|Any CPU
		{065A989C-27FC-4D14-A909-8B3EB208645E}.Release|Any CPU.ActiveCfg = Release|Any CPU
		{065A989C-27FC-4D14-A909-8B3EB208645E}.Release|Any CPU.Build.0 = Release|Any CPU
		{116A730D-F033-4148-9831-2F9B20936A5D}.Debug|Any CPU.ActiveCfg = Debug|Any CPU
		{116A730D-F033-4148-9831-2F9B20936A5D}.Debug|Any CPU.Build.0 = Debug|Any CPU
		{116A730D-F033-4148-9831-2F9B20936A5D}.Release|Any CPU.ActiveCfg = Release|Any CPU
		{116A730D-F033-4148-9831-2F9B20936A5D}.Release|Any CPU.Build.0 = Release|Any CPU
		{FD0441F0-FC18-4EE5-A913-0660FBF785A4}.Debug|Any CPU.ActiveCfg = Debug|Any CPU
		{FD0441F0-FC18-4EE5-A913-0660FBF785A4}.Debug|Any CPU.Build.0 = Debug|Any CPU
		{FD0441F0-FC18-4EE5-A913-0660FBF785A4}.Release|Any CPU.ActiveCfg = Release|Any CPU
		{FD0441F0-FC18-4EE5-A913-0660FBF785A4}.Release|Any CPU.Build.0 = Release|Any CPU
		{0C067DF6-ED68-414D-9469-111A92402CAB}.Debug|Any CPU.ActiveCfg = Debug|Any CPU
		{0C067DF6-ED68-414D-9469-111A92402CAB}.Debug|Any CPU.Build.0 = Debug|Any CPU
		{0C067DF6-ED68-414D-9469-111A92402CAB}.Release|Any CPU.ActiveCfg = Release|Any CPU
		{0C067DF6-ED68-414D-9469-111A92402CAB}.Release|Any CPU.Build.0 = Release|Any CPU
		{21F7A225-4B33-4E8E-B4CA-D22D1B0A73BA}.Debug|Any CPU.ActiveCfg = Debug|Any CPU
		{21F7A225-4B33-4E8E-B4CA-D22D1B0A73BA}.Debug|Any CPU.Build.0 = Debug|Any CPU
		{21F7A225-4B33-4E8E-B4CA-D22D1B0A73BA}.Release|Any CPU.ActiveCfg = Release|Any CPU
		{21F7A225-4B33-4E8E-B4CA-D22D1B0A73BA}.Release|Any CPU.Build.0 = Release|Any CPU
	EndGlobalSection
	GlobalSection(SolutionProperties) = preSolution
		HideSolutionNode = FALSE
	EndGlobalSection
	GlobalSection(NestedProjects) = preSolution
		{74DBFDBA-4B8F-40A7-8DC4-7AFE2FF33F26} = {731E699E-62B0-413D-AB37-FAFF7BDBA602}
		{2D8FB126-B25D-4927-A831-69710F5AA913} = {731E699E-62B0-413D-AB37-FAFF7BDBA602}
		{D29D276A-9280-4A95-B094-F5DEE1DE756F} = {731E699E-62B0-413D-AB37-FAFF7BDBA602}
		{D15F8F70-CDF1-4B39-A125-F1D4713AC330} = {731E699E-62B0-413D-AB37-FAFF7BDBA602}
		{5E935D43-600D-419E-AB64-CD9DCA91BC7B} = {2D8FB126-B25D-4927-A831-69710F5AA913}
		{D2BEE9F4-49B0-4E56-84D5-3EA99883359D} = {2D8FB126-B25D-4927-A831-69710F5AA913}
		{065A989C-27FC-4D14-A909-8B3EB208645E} = {2D8FB126-B25D-4927-A831-69710F5AA913}
		{116A730D-F033-4148-9831-2F9B20936A5D} = {2D8FB126-B25D-4927-A831-69710F5AA913}
		{FD0441F0-FC18-4EE5-A913-0660FBF785A4} = {2D8FB126-B25D-4927-A831-69710F5AA913}
		{0C067DF6-ED68-414D-9469-111A92402CAB} = {74DBFDBA-4B8F-40A7-8DC4-7AFE2FF33F26}
		{F533A3AC-02C7-4A17-9D8B-F7B289C778E5} = {731E699E-62B0-413D-AB37-FAFF7BDBA602}
		{21F7A225-4B33-4E8E-B4CA-D22D1B0A73BA} = {F533A3AC-02C7-4A17-9D8B-F7B289C778E5}
	EndGlobalSection
	GlobalSection(ExtensibilityGlobals) = postSolution
		SolutionGuid = {0E402F9D-35E3-4009-9184-DC4AC7A65960}
	EndGlobalSection
EndGlobal
