
Microsoft Visual Studio Solution File, Format Version 12.00
# Visual Studio Version 17
VisualStudioVersion = 17.5.33502.453
MinimumVisualStudioVersion = 10.0.40219.1
Project("{2150E333-8FDC-42A3-9474-1A3956D46DE8}") = "Solution Items", "Solution Items", "{DD9491F3-D30E-4FD8-8B18-3EB316C1044F}"
EndProject
Project("{2150E333-8FDC-42A3-9474-1A3956D46DE8}") = "src", "src", "{731E699E-62B0-413D-AB37-FAFF7BDBA602}"
EndProject
Project("{2150E333-8FDC-42A3-9474-1A3956D46DE8}") = "tests", "tests", "{9A15F314-DBA5-437C-8F42-E8C91906184B}"
EndProject
Project("{2150E333-8FDC-42A3-9474-1A3956D46DE8}") = "ApiGateways", "ApiGateways", "{74DBFDBA-4B8F-40A7-8DC4-7AFE2FF33F26}"
EndProject
Project("{2150E333-8FDC-42A3-9474-1A3956D46DE8}") = "BuildingBlocks", "BuildingBlocks", "{2D8FB126-B25D-4927-A831-69710F5AA913}"
EndProject
Project("{2150E333-8FDC-42A3-9474-1A3956D46DE8}") = "Services", "Services", "{D29D276A-9280-4A95-B094-F5DEE1DE756F}"
EndProject
Project("{2150E333-8FDC-42A3-9474-1A3956D46DE8}") = "WebApps", "WebApps", "{D15F8F70-CDF1-4B39-A125-F1D4713AC330}"
EndProject
Project("{2150E333-8FDC-42A3-9474-1A3956D46DE8}") = "Saga", "Saga", "{F533A3AC-02C7-4A17-9D8B-F7B289C778E5}"
EndProject
Project("{9A19103F-16F7-4668-BE54-9A1E7A4F7556}") = "Orchestrator", "src\Saga\Orchestrator\Orchestrator.csproj", "{21F7A225-4B33-4E8E-B4CA-D22D1B0A73BA}"
EndProject
Project("{2150E333-8FDC-42A3-9474-1A3956D46DE8}") = "Customer", "Customer", "{390BE549-DBDA-4C2E-A64F-B3560E985BAD}"
EndProject
Project("{2150E333-8FDC-42A3-9474-1A3956D46DE8}") = "Product", "Product", "{134C4FD9-6227-4C4F-9C40-1FB412226EE4}"
EndProject
Project("{2150E333-8FDC-42A3-9474-1A3956D46DE8}") = "Basket", "Basket", "{7C1658CE-0D76-4338-A5C5-1C0E1EEB1C65}"
EndProject
Project("{9A19103F-16F7-4668-BE54-9A1E7A4F7556}") = "Product.API", "src\Services\Product\Product.API\Product.API.csproj", "{C55C51A8-CCDE-4BEF-893D-092C37250AF2}"
EndProject
Project("{9A19103F-16F7-4668-BE54-9A1E7A4F7556}") = "Contracts", "src\BuildingBlocks\Contracts\Contracts.csproj", "{1DFD7DC3-2F31-4AA4-BFE7-493603600710}"
EndProject
Project("{9A19103F-16F7-4668-BE54-9A1E7A4F7556}") = "Infrastructure", "src\BuildingBlocks\Infrastructure\Infrastructure.csproj", "{B4D318B9-479F-4D5F-8711-461C9EF3B966}"
EndProject
Project("{9A19103F-16F7-4668-BE54-9A1E7A4F7556}") = "OcelotApiGw", "src\ApiGateways\OcelotApiGw\OcelotApiGw.csproj", "{78437A11-61A7-426A-9CBB-E60FB5CF4401}"
EndProject
Project("{9A19103F-16F7-4668-BE54-9A1E7A4F7556}") = "Basket.API", "src\Services\Basket\Basket.API\Basket.API.csproj", "{0853CF58-C811-45C1-B443-BE337BDBD8E9}"
EndProject
Project("{2150E333-8FDC-42A3-9474-1A3956D46DE8}") = "Inventory", "Inventory", "{072ECDCB-126A-4161-8FEF-851AD4C28D9C}"
EndProject
Project("{FAE04EC0-301F-11D3-BF4B-00C04F79EFBC}") = "Inventory.Stock", "src\Services\Inventory\Inventory.Stock\Inventory.Stock.csproj", "{F70BDCA0-B74D-42A0-AD84-D7580D77C5DC}"
EndProject
Project("{2150E333-8FDC-42A3-9474-1A3956D46DE8}") = "Identity", "Identity", "{27A4D965-1965-4216-8302-710F9DE20A69}"
EndProject
Project("{FAE04EC0-301F-11D3-BF4B-00C04F79EFBC}") = "MicroserviceEcommerce.IdentityService", "src\Identity\MicroserviceEcommerce.IdentityService\MicroserviceEcommerce.IdentityService.csproj", "{B997A10C-EFDC-4D54-9735-E4E5EC4B4F8B}"
EndProject
Global
	GlobalSection(SolutionConfigurationPlatforms) = preSolution
		Debug|Any CPU = Debug|Any CPU
		Release|Any CPU = Release|Any CPU
	EndGlobalSection
	GlobalSection(ProjectConfigurationPlatforms) = postSolution
		{21F7A225-4B33-4E8E-B4CA-D22D1B0A73BA}.Debug|Any CPU.ActiveCfg = Debug|Any CPU
		{21F7A225-4B33-4E8E-B4CA-D22D1B0A73BA}.Debug|Any CPU.Build.0 = Debug|Any CPU
		{21F7A225-4B33-4E8E-B4CA-D22D1B0A73BA}.Release|Any CPU.ActiveCfg = Release|Any CPU
		{21F7A225-4B33-4E8E-B4CA-D22D1B0A73BA}.Release|Any CPU.Build.0 = Release|Any CPU
		{C55C51A8-CCDE-4BEF-893D-092C37250AF2}.Debug|Any CPU.ActiveCfg = Debug|Any CPU
		{C55C51A8-CCDE-4BEF-893D-092C37250AF2}.Debug|Any CPU.Build.0 = Debug|Any CPU
		{C55C51A8-CCDE-4BEF-893D-092C37250AF2}.Release|Any CPU.ActiveCfg = Release|Any CPU
		{C55C51A8-CCDE-4BEF-893D-092C37250AF2}.Release|Any CPU.Build.0 = Release|Any CPU
		{1DFD7DC3-2F31-4AA4-BFE7-493603600710}.Debug|Any CPU.ActiveCfg = Debug|Any CPU
		{1DFD7DC3-2F31-4AA4-BFE7-493603600710}.Debug|Any CPU.Build.0 = Debug|Any CPU
		{1DFD7DC3-2F31-4AA4-BFE7-493603600710}.Release|Any CPU.ActiveCfg = Release|Any CPU
		{1DFD7DC3-2F31-4AA4-BFE7-493603600710}.Release|Any CPU.Build.0 = Release|Any CPU
		{B4D318B9-479F-4D5F-8711-461C9EF3B966}.Debug|Any CPU.ActiveCfg = Debug|Any CPU
		{B4D318B9-479F-4D5F-8711-461C9EF3B966}.Debug|Any CPU.Build.0 = Debug|Any CPU
		{B4D318B9-479F-4D5F-8711-461C9EF3B966}.Release|Any CPU.ActiveCfg = Release|Any CPU
		{B4D318B9-479F-4D5F-8711-461C9EF3B966}.Release|Any CPU.Build.0 = Release|Any CPU
		{78437A11-61A7-426A-9CBB-E60FB5CF4401}.Debug|Any CPU.ActiveCfg = Debug|Any CPU
		{78437A11-61A7-426A-9CBB-E60FB5CF4401}.Debug|Any CPU.Build.0 = Debug|Any CPU
		{78437A11-61A7-426A-9CBB-E60FB5CF4401}.Release|Any CPU.ActiveCfg = Release|Any CPU
		{78437A11-61A7-426A-9CBB-E60FB5CF4401}.Release|Any CPU.Build.0 = Release|Any CPU
		{0853CF58-C811-45C1-B443-BE337BDBD8E9}.Debug|Any CPU.ActiveCfg = Debug|Any CPU
		{0853CF58-C811-45C1-B443-BE337BDBD8E9}.Debug|Any CPU.Build.0 = Debug|Any CPU
		{0853CF58-C811-45C1-B443-BE337BDBD8E9}.Release|Any CPU.ActiveCfg = Release|Any CPU
		{0853CF58-C811-45C1-B443-BE337BDBD8E9}.Release|Any CPU.Build.0 = Release|Any CPU
		{F70BDCA0-B74D-42A0-AD84-D7580D77C5DC}.Debug|Any CPU.ActiveCfg = Debug|Any CPU
		{F70BDCA0-B74D-42A0-AD84-D7580D77C5DC}.Debug|Any CPU.Build.0 = Debug|Any CPU
		{F70BDCA0-B74D-42A0-AD84-D7580D77C5DC}.Release|Any CPU.ActiveCfg = Release|Any CPU
		{F70BDCA0-B74D-42A0-AD84-D7580D77C5DC}.Release|Any CPU.Build.0 = Release|Any CPU
		{B997A10C-EFDC-4D54-9735-E4E5EC4B4F8B}.Debug|Any CPU.ActiveCfg = Debug|Any CPU
		{B997A10C-EFDC-4D54-9735-E4E5EC4B4F8B}.Debug|Any CPU.Build.0 = Debug|Any CPU
		{B997A10C-EFDC-4D54-9735-E4E5EC4B4F8B}.Release|Any CPU.ActiveCfg = Release|Any CPU
		{B997A10C-EFDC-4D54-9735-E4E5EC4B4F8B}.Release|Any CPU.Build.0 = Release|Any CPU
	EndGlobalSection
	GlobalSection(SolutionProperties) = preSolution
		HideSolutionNode = FALSE
	EndGlobalSection
	GlobalSection(NestedProjects) = preSolution
		{74DBFDBA-4B8F-40A7-8DC4-7AFE2FF33F26} = {731E699E-62B0-413D-AB37-FAFF7BDBA602}
		{2D8FB126-B25D-4927-A831-69710F5AA913} = {731E699E-62B0-413D-AB37-FAFF7BDBA602}
		{D29D276A-9280-4A95-B094-F5DEE1DE756F} = {731E699E-62B0-413D-AB37-FAFF7BDBA602}
		{D15F8F70-CDF1-4B39-A125-F1D4713AC330} = {731E699E-62B0-413D-AB37-FAFF7BDBA602}
		{F533A3AC-02C7-4A17-9D8B-F7B289C778E5} = {731E699E-62B0-413D-AB37-FAFF7BDBA602}
		{21F7A225-4B33-4E8E-B4CA-D22D1B0A73BA} = {F533A3AC-02C7-4A17-9D8B-F7B289C778E5}
		{390BE549-DBDA-4C2E-A64F-B3560E985BAD} = {D29D276A-9280-4A95-B094-F5DEE1DE756F}
		{134C4FD9-6227-4C4F-9C40-1FB412226EE4} = {D29D276A-9280-4A95-B094-F5DEE1DE756F}
		{7C1658CE-0D76-4338-A5C5-1C0E1EEB1C65} = {D29D276A-9280-4A95-B094-F5DEE1DE756F}
		{C55C51A8-CCDE-4BEF-893D-092C37250AF2} = {134C4FD9-6227-4C4F-9C40-1FB412226EE4}
		{1DFD7DC3-2F31-4AA4-BFE7-493603600710} = {2D8FB126-B25D-4927-A831-69710F5AA913}
		{B4D318B9-479F-4D5F-8711-461C9EF3B966} = {2D8FB126-B25D-4927-A831-69710F5AA913}
		{78437A11-61A7-426A-9CBB-E60FB5CF4401} = {74DBFDBA-4B8F-40A7-8DC4-7AFE2FF33F26}
		{0853CF58-C811-45C1-B443-BE337BDBD8E9} = {7C1658CE-0D76-4338-A5C5-1C0E1EEB1C65}
		{072ECDCB-126A-4161-8FEF-851AD4C28D9C} = {D29D276A-9280-4A95-B094-F5DEE1DE756F}
		{F70BDCA0-B74D-42A0-AD84-D7580D77C5DC} = {072ECDCB-126A-4161-8FEF-851AD4C28D9C}
		{27A4D965-1965-4216-8302-710F9DE20A69} = {D29D276A-9280-4A95-B094-F5DEE1DE756F}
		{B997A10C-EFDC-4D54-9735-E4E5EC4B4F8B} = {27A4D965-1965-4216-8302-710F9DE20A69}
	EndGlobalSection
	GlobalSection(ExtensibilityGlobals) = postSolution
		SolutionGuid = {0E402F9D-35E3-4009-9184-DC4AC7A65960}
	EndGlobalSection
EndGlobal
